
Microsoft Visual Studio Solution File, Format Version 12.00
# Visual Studio Version 17
VisualStudioVersion = 17.14.36811.4 d17.14
MinimumVisualStudioVersion = 10.0.40219.1
Project("{FAE04EC0-301F-11D3-BF4B-00C04F79EFBC}") = "ClassObjectInheritance", "ClassObjectInheritance\ClassObjectInheritance.csproj", "{69E18BC4-BE9D-4D42-9891-EC29BC077867}"
EndProject
Global
	GlobalSection(SolutionConfigurationPlatforms) = preSolution
		Debug|Any CPU = Debug|Any CPU
		Release|Any CPU = Release|Any CPU
	EndGlobalSection
	GlobalSection(ProjectConfigurationPlatforms) = postSolution
		{69E18BC4-BE9D-4D42-9891-EC29BC077867}.Debug|Any CPU.ActiveCfg = Debug|Any CPU
		{69E18BC4-BE9D-4D42-9891-EC29BC077867}.Debug|Any CPU.Build.0 = Debug|Any CPU
		{69E18BC4-BE9D-4D42-9891-EC29BC077867}.Release|Any CPU.ActiveCfg = Release|Any CPU
		{69E18BC4-BE9D-4D42-9891-EC29BC077867}.Release|Any CPU.Build.0 = Release|Any CPU
	EndGlobalSection
	GlobalSection(SolutionProperties) = preSolution
		HideSolutionNode = FALSE
	EndGlobalSection
	GlobalSection(ExtensibilityGlobals) = postSolution
		SolutionGuid = {193B4BD8-034D-42C3-9288-394FC1A9DD41}
	EndGlobalSection
EndGlobal
